
Microsoft Visual Studio Solution File, Format Version 12.00
# Visual Studio Version 16
VisualStudioVersion = 25.0.1704.2
MinimumVisualStudioVersion = 10.0.40219.1
Project("{FAE04EC0-301F-11D3-BF4B-00C04F79EFBC}") = "DatingApp", "DatingApp.csproj", "{11A64673-17FB-4B5B-9465-A411F079E318}"
EndProject
Global
	GlobalSection(SolutionConfigurationPlatforms) = preSolution
		Debug|Any CPU = Debug|Any CPU
		Release|Any CPU = Release|Any CPU
	EndGlobalSection
	GlobalSection(ProjectConfigurationPlatforms) = postSolution
		{11A64673-17FB-4B5B-9465-A411F079E318}.Debug|Any CPU.ActiveCfg = Debug|Any CPU
		{11A64673-17FB-4B5B-9465-A411F079E318}.Debug|Any CPU.Build.0 = Debug|Any CPU
		{11A64673-17FB-4B5B-9465-A411F079E318}.Release|Any CPU.ActiveCfg = Release|Any CPU
		{11A64673-17FB-4B5B-9465-A411F079E318}.Release|Any CPU.Build.0 = Release|Any CPU
	EndGlobalSection
	GlobalSection(SolutionProperties) = preSolution
		HideSolutionNode = FALSE
	EndGlobalSection
	GlobalSection(ExtensibilityGlobals) = postSolution
		SolutionGuid = {231FB600-19B7-46CD-800D-0DA94F0DF5AA}
	EndGlobalSection
EndGlobal
